
Microsoft Visual Studio Solution File, Format Version 12.00
# Visual Studio Version 16
VisualStudioVersion = 16.0.30621.155
MinimumVisualStudioVersion = 10.0.40219.1
Project("{FAE04EC0-301F-11D3-BF4B-00C04F79EFBC}") = "webservice1", "webservice1.csproj", "{1550DD67-8FD0-42F6-95D2-29EF60272ED7}"
EndProject
Global
	GlobalSection(SolutionConfigurationPlatforms) = preSolution
		Debug|Any CPU = Debug|Any CPU
		Release|Any CPU = Release|Any CPU
	EndGlobalSection
	GlobalSection(ProjectConfigurationPlatforms) = postSolution
		{1550DD67-8FD0-42F6-95D2-29EF60272ED7}.Debug|Any CPU.ActiveCfg = Debug|Any CPU
		{1550DD67-8FD0-42F6-95D2-29EF60272ED7}.Debug|Any CPU.Build.0 = Debug|Any CPU
		{1550DD67-8FD0-42F6-95D2-29EF60272ED7}.Release|Any CPU.ActiveCfg = Release|Any CPU
		{1550DD67-8FD0-42F6-95D2-29EF60272ED7}.Release|Any CPU.Build.0 = Release|Any CPU
	EndGlobalSection
	GlobalSection(SolutionProperties) = preSolution
		HideSolutionNode = FALSE
	EndGlobalSection
	GlobalSection(ExtensibilityGlobals) = postSolution
		SolutionGuid = {CB30284B-C036-40C6-A068-30072554CB27}
	EndGlobalSection
EndGlobal
